
Microsoft Visual Studio Solution File, Format Version 12.00
# Visual Studio Version 16
VisualStudioVersion = 16.0.31911.196
MinimumVisualStudioVersion = 10.0.40219.1
Project("{9A19103F-16F7-4668-BE54-9A1E7A4F7556}") = "ProjektZaliczeniowy", "ProjektZaliczeniowy\ProjektZaliczeniowy.csproj", "{2F30BFF0-DEBF-4EE0-9EDE-A971F71FCBCD}"
EndProject
Project("{9A19103F-16F7-4668-BE54-9A1E7A4F7556}") = "Gabinet", "Gabinet\Gabinet.csproj", "{386C7BAF-8C9D-4D0B-B6CA-3F20B5828F0A}"
	ProjectSection(ProjectDependencies) = postProject
		{2F30BFF0-DEBF-4EE0-9EDE-A971F71FCBCD} = {2F30BFF0-DEBF-4EE0-9EDE-A971F71FCBCD}
	EndProjectSection
EndProject
Global
	GlobalSection(SolutionConfigurationPlatforms) = preSolution
		Debug|Any CPU = Debug|Any CPU
		Release|Any CPU = Release|Any CPU
	EndGlobalSection
	GlobalSection(ProjectConfigurationPlatforms) = postSolution
		{2F30BFF0-DEBF-4EE0-9EDE-A971F71FCBCD}.Debug|Any CPU.ActiveCfg = Debug|Any CPU
		{2F30BFF0-DEBF-4EE0-9EDE-A971F71FCBCD}.Debug|Any CPU.Build.0 = Debug|Any CPU
		{2F30BFF0-DEBF-4EE0-9EDE-A971F71FCBCD}.Release|Any CPU.ActiveCfg = Release|Any CPU
		{2F30BFF0-DEBF-4EE0-9EDE-A971F71FCBCD}.Release|Any CPU.Build.0 = Release|Any CPU
		{386C7BAF-8C9D-4D0B-B6CA-3F20B5828F0A}.Debug|Any CPU.ActiveCfg = Debug|Any CPU
		{386C7BAF-8C9D-4D0B-B6CA-3F20B5828F0A}.Debug|Any CPU.Build.0 = Debug|Any CPU
		{386C7BAF-8C9D-4D0B-B6CA-3F20B5828F0A}.Release|Any CPU.ActiveCfg = Release|Any CPU
		{386C7BAF-8C9D-4D0B-B6CA-3F20B5828F0A}.Release|Any CPU.Build.0 = Release|Any CPU
	EndGlobalSection
	GlobalSection(SolutionProperties) = preSolution
		HideSolutionNode = FALSE
	EndGlobalSection
	GlobalSection(ExtensibilityGlobals) = postSolution
		SolutionGuid = {74142081-5BFE-48E2-85B8-1B9AEB8D649C}
	EndGlobalSection
EndGlobal
